PODS:
  - ADNLogin (2.1.0)
  - AFNetworking (2.1.0):
    - AFNetworking/NSURLConnection
    - AFNetworking/NSURLSession
    - AFNetworking/Reachability
    - AFNetworking/Security
    - AFNetworking/Serialization
    - AFNetworking/UIKit
  - AFNetworking/NSURLConnection (2.1.0):
    - AFNetworking/Reachability
    - AFNetworking/Security
    - AFNetworking/Serialization
  - AFNetworking/NSURLSession (2.1.0):
    - AFNetworking/NSURLConnection
  - AFNetworking/Reachability (2.1.0)
  - AFNetworking/Security (2.1.0)
  - AFNetworking/Serialization (2.1.0)
  - AFNetworking/UIKit (2.1.0):
    - AFNetworking/NSURLConnection
  - Appirater (2.0.2)
  - Dropbox-Sync-API-SDK (2.0.3)
  - GoogleAnalytics-iOS-SDK (3.0.3)
  - HockeySDK (3.5.2)
  - MBProgressHUD (0.8)
  - OvershareKit (1.0.7):
    - ADNLogin
    - PocketAPI
  - PocketAPI (1.0.2)
  - Reachability (3.1.1)
  - SSKeychain (1.2.1)
  - TPKeyboardAvoiding (1.2.2)

DEPENDENCIES:
  - AFNetworking (~> 2.0)
  - Appirater (~> 2.0.2)
  - Dropbox-Sync-API-SDK (~> 2.0.3)
  - GoogleAnalytics-iOS-SDK (~> 3.0.3)
  - HockeySDK (~> 3.5.2)
  - MBProgressHUD (~> 0.8)
  - OvershareKit (~> 1.0.7)
  - Reachability (~> 3.1.1)
  - SSKeychain (~> 1.2.1)
  - TPKeyboardAvoiding (~> 1.2.2)

SPEC CHECKSUMS:
  ADNLogin: ee20dc7e648813104930d445054cc9780599d864
  AFNetworking: c7d7901a83f631414c7eda1737261f696101a5cd
  Appirater: 32fb9089615b5e542c7ad7b5749741a8aed55290
  Dropbox-Sync-API-SDK: 31c474d9bd5ba92dc21a8197fdaab51ade6df386
  GoogleAnalytics-iOS-SDK: 7b0e55cfe5e70d60478a7b105f15ac71e8bc373e
  HockeySDK: 203d3af93c2a229bfb528ff085201670ff65e1cf
  MBProgressHUD: 2bbc6f470111daf7f3eaa4eb12b8cbf01c4c0622
  OvershareKit: 3a1fd1869c49c45f01904988bd8e32a2910f7c26
  PocketAPI: 2ed51391e6ea7a48c707528f782f5a2cb0eab80e
  Reachability: be4883bb93f31e38266ae3365e5600a317aae735
  SSKeychain: d18926838c2e7cd342e2a49e9f869858e49f035a
  TPKeyboardAvoiding: de224784615ac78d1c351df28b0696d402449c41

COCOAPODS: 0.29.0
