PODS:
  - AFNetworking (2.2.4):
    - AFNetworking/NSURLConnection
    - AFNetworking/NSURLSession
    - AFNetworking/Reachability
    - AFNetworking/Security
    - AFNetworking/Serialization
    - AFNetworking/UIKit
  - AFNetworking/NSURLConnection (2.2.4):
    - AFNetworking/Reachability
    - AFNetworking/Security
    - AFNetworking/Serialization
  - AFNetworking/NSURLSession (2.2.4):
    - AFNetworking/NSURLConnection
  - AFNetworking/Reachability (2.2.4)
  - AFNetworking/Security (2.2.4)
  - AFNetworking/Serialization (2.2.4)
  - AFNetworking/UIKit (2.2.4):
    - AFNetworking/NSURLConnection
    - AFNetworking/NSURLSession
  - Dropbox-Sync-API-SDK (2.0.3)
  - FXBlurView (1.5.6)
  - GoogleAnalytics-iOS-SDK (3.0.7)
  - HockeySDK (3.5.5)
  - MBProgressHUD (0.8)
  - Reachability (3.1.1)
  - REFrostedViewController (2.4.5)
  - SSKeychain (1.2.2)
  - TPKeyboardAvoiding (1.2.3)
  - UAAppReviewManager (0.2.1)

DEPENDENCIES:
  - AFNetworking (~> 2.0)
  - Dropbox-Sync-API-SDK (~> 2.0.3)
  - FXBlurView (~> 1.5.3)
  - GoogleAnalytics-iOS-SDK (~> 3.0.3)
  - HockeySDK (~> 3.5.2)
  - MBProgressHUD (~> 0.8)
  - Reachability (~> 3.1.1)
  - REFrostedViewController (~> 2.4.2)
  - SSKeychain (~> 1.2.1)
  - TPKeyboardAvoiding (~> 1.2.2)
  - UAAppReviewManager (~> 0.2.1)

SPEC CHECKSUMS:
  AFNetworking: ab63e259fe91eef4519b371ef0a4955af0e73e64
  Dropbox-Sync-API-SDK: 1befdcc7250e5956809620710d9e7a45af400dcd
  FXBlurView: 980bb3a2646234366be3de1bc087ddfc31ac77c5
  GoogleAnalytics-iOS-SDK: bb285d8eef15a682f1b82971becd0d22edd0e53b
  HockeySDK: f9af97c2f5df4eb6ca6d2a9c408f2ff498edd608
  MBProgressHUD: c356980b0cd097f19acec959b49dca5eb8ec31be
  Reachability: 8e9635e3cb4f98e7f825e51147f677ecc694d0e7
  REFrostedViewController: 93c85bf09c95c8166fc5314aa6811fb33611afb7
  SSKeychain: cc48bd3ad24fcd9125adb9e0d23dd50b8bbd08b9
  TPKeyboardAvoiding: ca26afa683d829cb96fe69b887fc8be4178f0b9a
  UAAppReviewManager: 7700010ccb8e6acd2524c7b5a2e1e2b1e03d3c04

COCOAPODS: 0.32.1
